
Microsoft Visual Studio Solution File, Format Version 12.00
# Visual Studio Version 17
VisualStudioVersion = 17.0.31903.59
MinimumVisualStudioVersion = 10.0.40219.1
Project("{FAE04EC0-301F-11D3-BF4B-00C04F79EFBC}") = "Math", "Math\Math.csproj", "{ABFA098B-9DC8-44B7-8366-DEC5CE186539}"
EndProject
Project("{FAE04EC0-301F-11D3-BF4B-00C04F79EFBC}") = "Math.Test", "Math.Test\Math.Test.csproj", "{A152DA40-E879-4AFF-80D8-8A826AC740B5}"
EndProject
Global
	GlobalSection(SolutionConfigurationPlatforms) = preSolution
		Debug|Any CPU = Debug|Any CPU
		Release|Any CPU = Release|Any CPU
	EndGlobalSection
	GlobalSection(SolutionProperties) = preSolution
		HideSolutionNode = FALSE
	EndGlobalSection
	GlobalSection(ProjectConfigurationPlatforms) = postSolution
		{ABFA098B-9DC8-44B7-8366-DEC5CE186539}.Debug|Any CPU.ActiveCfg = Debug|Any CPU
		{ABFA098B-9DC8-44B7-8366-DEC5CE186539}.Debug|Any CPU.Build.0 = Debug|Any CPU
		{ABFA098B-9DC8-44B7-8366-DEC5CE186539}.Release|Any CPU.ActiveCfg = Release|Any CPU
		{ABFA098B-9DC8-44B7-8366-DEC5CE186539}.Release|Any CPU.Build.0 = Release|Any CPU
		{A152DA40-E879-4AFF-80D8-8A826AC740B5}.Debug|Any CPU.ActiveCfg = Debug|Any CPU
		{A152DA40-E879-4AFF-80D8-8A826AC740B5}.Debug|Any CPU.Build.0 = Debug|Any CPU
		{A152DA40-E879-4AFF-80D8-8A826AC740B5}.Release|Any CPU.ActiveCfg = Release|Any CPU
		{A152DA40-E879-4AFF-80D8-8A826AC740B5}.Release|Any CPU.Build.0 = Release|Any CPU
	EndGlobalSection
EndGlobal
